
Microsoft Visual Studio Solution File, Format Version 12.00
# Visual Studio 2017
Project("{FAE04EC0-301F-11D3-BF4B-00C04F79EFBC}") = "HanumanRun", "HanumanRun.csproj", "{6EB25CC6-7B45-5D6D-3640-CDA1C946FF28}"
EndProject
Project("{FAE04EC0-301F-11D3-BF4B-00C04F79EFBC}") = "HanumanRun.Plugins", "HanumanRun.Plugins.csproj", "{37282C9E-D14B-1F97-924C-179A59456677}"
EndProject
Project("{FAE04EC0-301F-11D3-BF4B-00C04F79EFBC}") = "HanumanRun.Editor", "HanumanRun.Editor.csproj", "{D86AA5B1-0249-403F-C7C9-6E51B8BF830A}"
EndProject
Project("{FAE04EC0-301F-11D3-BF4B-00C04F79EFBC}") = "HanumanRun.Editor.Plugins", "HanumanRun.Editor.Plugins.csproj", "{7FF033C5-6544-1470-77CB-3A18A120F219}"
EndProject
Global
	GlobalSection(SolutionConfigurationPlatforms) = preSolution
		Debug|Any CPU = Debug|Any CPU
		Release|Any CPU = Release|Any CPU
	EndGlobalSection
	GlobalSection(ProjectConfigurationPlatforms) = postSolution
		{6EB25CC6-7B45-5D6D-3640-CDA1C946FF28}.Debug|Any CPU.ActiveCfg = Debug|Any CPU
		{6EB25CC6-7B45-5D6D-3640-CDA1C946FF28}.Debug|Any CPU.Build.0 = Debug|Any CPU
		{6EB25CC6-7B45-5D6D-3640-CDA1C946FF28}.Release|Any CPU.ActiveCfg = Release|Any CPU
		{6EB25CC6-7B45-5D6D-3640-CDA1C946FF28}.Release|Any CPU.Build.0 = Release|Any CPU
		{37282C9E-D14B-1F97-924C-179A59456677}.Debug|Any CPU.ActiveCfg = Debug|Any CPU
		{37282C9E-D14B-1F97-924C-179A59456677}.Debug|Any CPU.Build.0 = Debug|Any CPU
		{37282C9E-D14B-1F97-924C-179A59456677}.Release|Any CPU.ActiveCfg = Release|Any CPU
		{37282C9E-D14B-1F97-924C-179A59456677}.Release|Any CPU.Build.0 = Release|Any CPU
		{D86AA5B1-0249-403F-C7C9-6E51B8BF830A}.Debug|Any CPU.ActiveCfg = Debug|Any CPU
		{D86AA5B1-0249-403F-C7C9-6E51B8BF830A}.Debug|Any CPU.Build.0 = Debug|Any CPU
		{D86AA5B1-0249-403F-C7C9-6E51B8BF830A}.Release|Any CPU.ActiveCfg = Release|Any CPU
		{D86AA5B1-0249-403F-C7C9-6E51B8BF830A}.Release|Any CPU.Build.0 = Release|Any CPU
		{7FF033C5-6544-1470-77CB-3A18A120F219}.Debug|Any CPU.ActiveCfg = Debug|Any CPU
		{7FF033C5-6544-1470-77CB-3A18A120F219}.Debug|Any CPU.Build.0 = Debug|Any CPU
		{7FF033C5-6544-1470-77CB-3A18A120F219}.Release|Any CPU.ActiveCfg = Release|Any CPU
		{7FF033C5-6544-1470-77CB-3A18A120F219}.Release|Any CPU.Build.0 = Release|Any CPU
	EndGlobalSection
	GlobalSection(SolutionProperties) = preSolution
		HideSolutionNode = FALSE
	EndGlobalSection
EndGlobal
